// !$*UTF8*$!
{
	archiveVersion = 1;
	classes = {
	};
	objectVersion = 46;
	objects = {

/* Begin PBXBuildFile section */
		21057C1D5B8C39E798085E14 /* Pods_pokedex.framework in Frameworks */ = {isa = PBXBuildFile; fileRef = 0787AD6CD23F84C8420C325C /* Pods_pokedex.framework */; };
		5E2FDDA31E575EB400E077E1 /* Constants.swift in Sources */ = {isa = PBXBuildFile; fileRef = 5E2FDDA21E575EB400E077E1 /* Constants.swift */; };
		5E40E36F1E50D67B0012084C /* AppDelegate.swift in Sources */ = {isa = PBXBuildFile; fileRef = 5E40E36E1E50D67B0012084C /* AppDelegate.swift */; };
		5E40E3711E50D67B0012084C /* ViewController.swift in Sources */ = {isa = PBXBuildFile; fileRef = 5E40E3701E50D67B0012084C /* ViewController.swift */; };
		5E40E3741E50D67B0012084C /* Main.storyboard in Resources */ = {isa = PBXBuildFile; fileRef = 5E40E3721E50D67B0012084C /* Main.storyboard */; };
		5E40E3761E50D67B0012084C /* Assets.xcassets in Resources */ = {isa = PBXBuildFile; fileRef = 5E40E3751E50D67B0012084C /* Assets.xcassets */; };
		5E40E3791E50D67B0012084C /* LaunchScreen.storyboard in Resources */ = {isa = PBXBuildFile; fileRef = 5E40E3771E50D67B0012084C /* LaunchScreen.storyboard */; };
		5E40E3811E50D91E0012084C /* pokemon.csv in Resources */ = {isa = PBXBuildFile; fileRef = 5E40E3801E50D91E0012084C /* pokemon.csv */; };
		5E40E3841E50DA2C0012084C /* pokemon.swift in Sources */ = {isa = PBXBuildFile; fileRef = 5E40E3831E50DA2C0012084C /* pokemon.swift */; };
		5E40E3871E50E6D30012084C /* PokeCell.swift in Sources */ = {isa = PBXBuildFile; fileRef = 5E40E3861E50E6D30012084C /* PokeCell.swift */; };
		5E4785741E55F15E00B59A16 /* Pokemon.ttf in Resources */ = {isa = PBXBuildFile; fileRef = 5E4785731E55F15E00B59A16 /* Pokemon.ttf */; };
		5E47857A1E55F3A700B59A16 /* music.png in Resources */ = {isa = PBXBuildFile; fileRef = 5E4785791E55F3A700B59A16 /* music.png */; };
		5E47857C1E55F41F00B59A16 /* music.mp3 in Resources */ = {isa = PBXBuildFile; fileRef = 5E47857B1E55F41F00B59A16 /* music.mp3 */; };
		5E47857E1E5600ED00B59A16 /* PokemonDetailVC.swift in Sources */ = {isa = PBXBuildFile; fileRef = 5E47857D1E5600ED00B59A16 /* PokemonDetailVC.swift */; };
		5EA13F9D1E51738000F76960 /* csv.swift in Sources */ = {isa = PBXBuildFile; fileRef = 5EA13F9C1E51738000F76960 /* csv.swift */; };
/* End PBXBuildFile section */

/* Begin PBXFileReference section */
		0787AD6CD23F84C8420C325C /* Pods_pokedex.framework */ = {isa = PBXFileReference; explicitFileType = wrapper.framework; includeInIndex = 0; path = Pods_pokedex.framework; sourceTree = BUILT_PRODUCTS_DIR; };
		5E2FDDA21E575EB400E077E1 /* Constants.swift */ = {isa = PBXFileReference; fileEncoding = 4; lastKnownFileType = sourcecode.swift; path = Constants.swift; sourceTree = "<group>"; };
		5E40E36B1E50D67B0012084C /* pokedex.app */ = {isa = PBXFileReference; explicitFileType = wrapper.application; includeInIndex = 0; path = pokedex.app; sourceTree = BUILT_PRODUCTS_DIR; };
		5E40E36E1E50D67B0012084C /* AppDelegate.swift */ = {isa = PBXFileReference; lastKnownFileType = sourcecode.swift; path = AppDelegate.swift; sourceTree = "<group>"; };
		5E40E3701E50D67B0012084C /* ViewController.swift */ = {isa = PBXFileReference; lastKnownFileType = sourcecode.swift; path = ViewController.swift; sourceTree = "<group>"; };
		5E40E3731E50D67B0012084C /* Base */ = {isa = PBXFileReference; lastKnownFileType = file.storyboard; name = Base; path = Base.lproj/Main.storyboard; sourceTree = "<group>"; };
		5E40E3751E50D67B0012084C /* Assets.xcassets */ = {isa = PBXFileReference; lastKnownFileType = folder.assetcatalog; path = Assets.xcassets; sourceTree = "<group>"; };
		5E40E3781E50D67B0012084C /* Base */ = {isa = PBXFileReference; lastKnownFileType = file.storyboard; name = Base; path = Base.lproj/LaunchScreen.storyboard; sourceTree = "<group>"; };
		5E40E37A1E50D67B0012084C /* Info.plist */ = {isa = PBXFileReference; lastKnownFileType = text.plist.xml; path = Info.plist; sourceTree = "<group>"; };
		5E40E3801E50D91E0012084C /* pokemon.csv */ = {isa = PBXFileReference; fileEncoding = 4; lastKnownFileType = text; path = pokemon.csv; sourceTree = "<group>"; };
		5E40E3831E50DA2C0012084C /* pokemon.swift */ = {isa = PBXFileReference; fileEncoding = 4; lastKnownFileType = sourcecode.swift; path = pokemon.swift; sourceTree = "<group>"; };
		5E40E3861E50E6D30012084C /* PokeCell.swift */ = {isa = PBXFileReference; fileEncoding = 4; lastKnownFileType = sourcecode.swift; path = PokeCell.swift; sourceTree = "<group>"; };
		5E4785731E55F15E00B59A16 /* Pokemon.ttf */ = {isa = PBXFileReference; lastKnownFileType = file; path = Pokemon.ttf; sourceTree = "<group>"; };
		5E4785791E55F3A700B59A16 /* music.png */ = {isa = PBXFileReference; lastKnownFileType = image.png; path = music.png; sourceTree = "<group>"; };
		5E47857B1E55F41F00B59A16 /* music.mp3 */ = {isa = PBXFileReference; lastKnownFileType = audio.mp3; path = music.mp3; sourceTree = "<group>"; };
		5E47857D1E5600ED00B59A16 /* PokemonDetailVC.swift */ = {isa = PBXFileReference; fileEncoding = 4; lastKnownFileType = sourcecode.swift; path = PokemonDetailVC.swift; sourceTree = "<group>"; };
		5EA13F9C1E51738000F76960 /* csv.swift */ = {isa = PBXFileReference; fileEncoding = 4; lastKnownFileType = sourcecode.swift; path = csv.swift; sourceTree = "<group>"; };
		5EF8F832801AF2A77803A4C6 /* Pods-pokedex.debug.xcconfig */ = {isa = PBXFileReference; includeInIndex = 1; lastKnownFileType = text.xcconfig; name = "Pods-pokedex.debug.xcconfig"; path = "Pods/Target Support Files/Pods-pokedex/Pods-pokedex.debug.xcconfig"; sourceTree = "<group>"; };
		649F948003CF8F99C7643B47 /* Pods-pokedex.release.xcconfig */ = {isa = PBXFileReference; includeInIndex = 1; lastKnownFileType = text.xcconfig; name = "Pods-pokedex.release.xcconfig"; path = "Pods/Target Support Files/Pods-pokedex/Pods-pokedex.release.xcconfig"; sourceTree = "<group>"; };
/* End PBXFileReference section */

/* Begin PBXFrameworksBuildPhase section */
		5E40E3681E50D67B0012084C /* Frameworks */ = {
			isa = PBXFrameworksBuildPhase;
			buildActionMask = 2147483647;
			files = (
				21057C1D5B8C39E798085E14 /* Pods_pokedex.framework in Frameworks */,
			);
			runOnlyForDeploymentPostprocessing = 0;
		};
/* End PBXFrameworksBuildPhase section */

/* Begin PBXGroup section */
		5E40E3621E50D67B0012084C = {
			isa = PBXGroup;
			children = (
				5E40E36D1E50D67B0012084C /* pokedex */,
				5E40E36C1E50D67B0012084C /* Products */,
				C80064582490D8A7BDD5A0EC /* Pods */,
				7E54F0D7D218F220DB98954B /* Frameworks */,
			);
			sourceTree = "<group>";
		};
		5E40E36C1E50D67B0012084C /* Products */ = {
			isa = PBXGroup;
			children = (
				5E40E36B1E50D67B0012084C /* pokedex.app */,
			);
			name = Products;
			sourceTree = "<group>";
		};
		5E40E36D1E50D67B0012084C /* pokedex */ = {
			isa = PBXGroup;
			children = (
				5E40E3821E50DA0C0012084C /* Model */,
				5E40E3851E50E6920012084C /* View */,
				5E4785751E55F18200B59A16 /* Controller */,
				5E4785781E55F1D300B59A16 /* Util */,
				5E4785771E55F1AC00B59A16 /* Resources */,
				5E40E36E1E50D67B0012084C /* AppDelegate.swift */,
				5E40E3721E50D67B0012084C /* Main.storyboard */,
				5E40E3751E50D67B0012084C /* Assets.xcassets */,
				5E40E3771E50D67B0012084C /* LaunchScreen.storyboard */,
				5E40E37A1E50D67B0012084C /* Info.plist */,
			);
			path = pokedex;
			sourceTree = "<group>";
		};
		5E40E3821E50DA0C0012084C /* Model */ = {
			isa = PBXGroup;
			children = (
				5E40E3831E50DA2C0012084C /* pokemon.swift */,
			);
			name = Model;
			sourceTree = "<group>";
		};
		5E40E3851E50E6920012084C /* View */ = {
			isa = PBXGroup;
			children = (
				5E40E3861E50E6D30012084C /* PokeCell.swift */,
			);
			name = View;
			sourceTree = "<group>";
		};
		5E4785751E55F18200B59A16 /* Controller */ = {
			isa = PBXGroup;
			children = (
				5E40E3701E50D67B0012084C /* ViewController.swift */,
				5E47857D1E5600ED00B59A16 /* PokemonDetailVC.swift */,
			);
			name = Controller;
			sourceTree = "<group>";
		};
		5E4785771E55F1AC00B59A16 /* Resources */ = {
			isa = PBXGroup;
			children = (
				5E47857B1E55F41F00B59A16 /* music.mp3 */,
				5E4785791E55F3A700B59A16 /* music.png */,
				5E40E3801E50D91E0012084C /* pokemon.csv */,
				5E4785731E55F15E00B59A16 /* Pokemon.ttf */,
			);
			name = Resources;
			sourceTree = "<group>";
		};
		5E4785781E55F1D300B59A16 /* Util */ = {
			isa = PBXGroup;
			children = (
				5EA13F9C1E51738000F76960 /* csv.swift */,
				5E2FDDA21E575EB400E077E1 /* Constants.swift */,
			);
			name = Util;
			sourceTree = "<group>";
		};
		7E54F0D7D218F220DB98954B /* Frameworks */ = {
			isa = PBXGroup;
			children = (
				0787AD6CD23F84C8420C325C /* Pods_pokedex.framework */,
			);
			name = Frameworks;
			sourceTree = "<group>";
		};
		C80064582490D8A7BDD5A0EC /* Pods */ = {
			isa = PBXGroup;
			children = (
				5EF8F832801AF2A77803A4C6 /* Pods-pokedex.debug.xcconfig */,
				649F948003CF8F99C7643B47 /* Pods-pokedex.release.xcconfig */,
			);
			name = Pods;
			sourceTree = "<group>";
		};
/* End PBXGroup section */

/* Begin PBXNativeTarget section */
		5E40E36A1E50D67B0012084C /* pokedex */ = {
			isa = PBXNativeTarget;
			buildConfigurationList = 5E40E37D1E50D67B0012084C /* Build configuration list for PBXNativeTarget "pokedex" */;
			buildPhases = (
				61DC9D67B2D769E042262C9B /* [CP] Check Pods Manifest.lock */,
				5E40E3671E50D67B0012084C /* Sources */,
				5E40E3681E50D67B0012084C /* Frameworks */,
				5E40E3691E50D67B0012084C /* Resources */,
				6D8EFD05739A96819441C6DD /* [CP] Embed Pods Frameworks */,
				1BC2565E9E285E55E65E5F6C /* [CP] Copy Pods Resources */,
			);
			buildRules = (
			);
			dependencies = (
			);
			name = pokedex;
			productName = pokedex;
			productReference = 5E40E36B1E50D67B0012084C /* pokedex.app */;
			productType = "com.apple.product-type.application";
		};
/* End PBXNativeTarget section */

/* Begin PBXProject section */
		5E40E3631E50D67B0012084C /* Project object */ = {
			isa = PBXProject;
			attributes = {
				LastSwiftUpdateCheck = 0820;
				LastUpgradeCheck = 0820;
				ORGANIZATIONNAME = "Fain Cowie";
				TargetAttributes = {
					5E40E36A1E50D67B0012084C = {
						CreatedOnToolsVersion = 8.2.1;
						DevelopmentTeam = 5TFV5GUHE9;
						LastSwiftMigration = 0820;
						ProvisioningStyle = Automatic;
					};
				};
			};
			buildConfigurationList = 5E40E3661E50D67B0012084C /* Build configuration list for PBXProject "pokedex" */;
			compatibilityVersion = "Xcode 3.2";
			developmentRegion = English;
			hasScannedForEncodings = 0;
			knownRegions = (
				en,
				Base,
			);
			mainGroup = 5E40E3621E50D67B0012084C;
			productRefGroup = 5E40E36C1E50D67B0012084C /* Products */;
			projectDirPath = "";
			projectRoot = "";
			targets = (
				5E40E36A1E50D67B0012084C /* pokedex */,
			);
		};
/* End PBXProject section */

/* Begin PBXResourcesBuildPhase section */
		5E40E3691E50D67B0012084C /* Resources */ = {
			isa = PBXResourcesBuildPhase;
			buildActionMask = 2147483647;
			files = (
				5E4785741E55F15E00B59A16 /* Pokemon.ttf in Resources */,
				5E40E3791E50D67B0012084C /* LaunchScreen.storyboard in Resources */,
				5E40E3761E50D67B0012084C /* Assets.xcassets in Resources */,
				5E40E3811E50D91E0012084C /* pokemon.csv in Resources */,
				5E40E3741E50D67B0012084C /* Main.storyboard in Resources */,
				5E47857C1E55F41F00B59A16 /* music.mp3 in Resources */,
				5E47857A1E55F3A700B59A16 /* music.png in Resources */,
			);
			runOnlyForDeploymentPostprocessing = 0;
		};
/* End PBXResourcesBuildPhase section */

/* Begin PBXShellScriptBuildPhase section */
		1BC2565E9E285E55E65E5F6C /* [CP] Copy Pods Resources */ = {
			isa = PBXShellScriptBuildPhase;
			buildActionMask = 2147483647;
			files = (
			);
			inputPaths = (
			);
			name = "[CP] Copy Pods Resources";
			outputPaths = (
			);
			runOnlyForDeploymentPostprocessing = 0;
			shellPath = /bin/sh;
			shellScript = "\"${SRCROOT}/Pods/Target Support Files/Pods-pokedex/Pods-pokedex-resources.sh\"\n";
			showEnvVarsInLog = 0;
		};
		61DC9D67B2D769E042262C9B /* [CP] Check Pods Manifest.lock */ = {
			isa = PBXShellScriptBuildPhase;
			buildActionMask = 2147483647;
			files = (
			);
			inputPaths = (
			);
			name = "[CP] Check Pods Manifest.lock";
			outputPaths = (
			);
			runOnlyForDeploymentPostprocessing = 0;
			shellPath = /bin/sh;
			shellScript = "diff \"${PODS_ROOT}/../Podfile.lock\" \"${PODS_ROOT}/Manifest.lock\" > /dev/null\nif [ $? != 0 ] ; then\n    # print error to STDERR\n    echo \"error: The sandbox is not in sync with the Podfile.lock. Run 'pod install' or update your CocoaPods installation.\" >&2\n    exit 1\nfi\n";
			showEnvVarsInLog = 0;
		};
		6D8EFD05739A96819441C6DD /* [CP] Embed Pods Frameworks */ = {
			isa = PBXShellScriptBuildPhase;
			buildActionMask = 2147483647;
			files = (
			);
			inputPaths = (
			);
			name = "[CP] Embed Pods Frameworks";
			outputPaths = (
			);
			runOnlyForDeploymentPostprocessing = 0;
			shellPath = /bin/sh;
			shellScript = "\"${SRCROOT}/Pods/Target Support Files/Pods-pokedex/Pods-pokedex-frameworks.sh\"\n";
			showEnvVarsInLog = 0;
		};
/* End PBXShellScriptBuildPhase section */

/* Begin PBXSourcesBuildPhase section */
		5E40E3671E50D67B0012084C /* Sources */ = {
			isa = PBXSourcesBuildPhase;
			buildActionMask = 2147483647;
			files = (
				5E40E3871E50E6D30012084C /* PokeCell.swift in Sources */,
				5E40E3841E50DA2C0012084C /* pokemon.swift in Sources */,
				5E40E3711E50D67B0012084C /* ViewController.swift in Sources */,
				5E47857E1E5600ED00B59A16 /* PokemonDetailVC.swift in Sources */,
				5E2FDDA31E575EB400E077E1 /* Constants.swift in Sources */,
				5E40E36F1E50D67B0012084C /* AppDelegate.swift in Sources */,
				5EA13F9D1E51738000F76960 /* csv.swift in Sources */,
			);
			runOnlyForDeploymentPostprocessing = 0;
		};
/* End PBXSourcesBuildPhase section */

/* Begin PBXVariantGroup section */
		5E40E3721E50D67B0012084C /* Main.storyboard */ = {
			isa = PBXVariantGroup;
			children = (
				5E40E3731E50D67B0012084C /* Base */,
			);
			name = Main.storyboard;
			sourceTree = "<group>";
		};
		5E40E3771E50D67B0012084C /* LaunchScreen.storyboard */ = {
			isa = PBXVariantGroup;
			children = (
				5E40E3781E50D67B0012084C /* Base */,
			);
			name = LaunchScreen.storyboard;
			sourceTree = "<group>";
		};
/* End PBXVariantGroup section */

/* Begin XCBuildConfiguration section */
		5E40E37B1E50D67B0012084C /* Debug */ = {
			isa = XCBuildConfiguration;
			buildSettings = {
				ALWAYS_SEARCH_USER_PATHS = NO;
				CLANG_ANALYZER_NONNULL = YES;
				CLANG_CXX_LANGUAGE_STANDARD = "gnu++0x";
				CLANG_CXX_LIBRARY = "libc++";
				CLANG_ENABLE_MODULES = YES;
				CLANG_ENABLE_OBJC_ARC = YES;
				CLANG_WARN_BOOL_CONVERSION = YES;
				CLANG_WARN_CONSTANT_CONVERSION = YES;
				CLANG_WARN_DIRECT_OBJC_ISA_USAGE = YES_ERROR;
				CLANG_WARN_DOCUMENTATION_COMMENTS = YES;
				CLANG_WARN_EMPTY_BODY = YES;
				CLANG_WARN_ENUM_CONVERSION = YES;
				CLANG_WARN_INFINITE_RECURSION = YES;
				CLANG_WARN_INT_CONVERSION = YES;
				CLANG_WARN_OBJC_ROOT_CLASS = YES_ERROR;
				CLANG_WARN_SUSPICIOUS_MOVE = YES;
				CLANG_WARN_UNREACHABLE_CODE = YES;
				CLANG_WARN__DUPLICATE_METHOD_MATCH = YES;
				"CODE_SIGN_IDENTITY[sdk=iphoneos*]" = "iPhone Developer";
				COPY_PHASE_STRIP = NO;
				DEBUG_INFORMATION_FORMAT = dwarf;
				ENABLE_STRICT_OBJC_MSGSEND = YES;
				ENABLE_TESTABILITY = YES;
				GCC_C_LANGUAGE_STANDARD = gnu99;
				GCC_DYNAMIC_NO_PIC = NO;
				GCC_NO_COMMON_BLOCKS = YES;
				GCC_OPTIMIZATION_LEVEL = 0;
				GCC_PREPROCESSOR_DEFINITIONS = (
					"DEBUG=1",
					"$(inherited)",
				);
				GCC_WARN_64_TO_32_BIT_CONVERSION = YES;
				GCC_WARN_ABOUT_RETURN_TYPE = YES_ERROR;
				GCC_WARN_UNDECLARED_SELECTOR = YES;
				GCC_WARN_UNINITIALIZED_AUTOS = YES_AGGRESSIVE;
				GCC_WARN_UNUSED_FUNCTION = YES;
				GCC_WARN_UNUSED_VARIABLE = YES;
				IPHONEOS_DEPLOYMENT_TARGET = 10.2;
				MTL_ENABLE_DEBUG_INFO = YES;
				ONLY_ACTIVE_ARCH = YES;
				SDKROOT = iphoneos;
				SWIFT_ACTIVE_COMPILATION_CONDITIONS = DEBUG;
				SWIFT_OPTIMIZATION_LEVEL = "-Onone";
			};
			name = Debug;
		};
		5E40E37C1E50D67B0012084C /* Release */ = {
			isa = XCBuildConfiguration;
			buildSettings = {
				ALWAYS_SEARCH_USER_PATHS = NO;
				CLANG_ANALYZER_NONNULL = YES;
				CLANG_CXX_LANGUAGE_STANDARD = "gnu++0x";
				CLANG_CXX_LIBRARY = "libc++";
				CLANG_ENABLE_MODULES = YES;
				CLANG_ENABLE_OBJC_ARC = YES;
				CLANG_WARN_BOOL_CONVERSION = YES;
				CLANG_WARN_CONSTANT_CONVERSION = YES;
				CLANG_WARN_DIRECT_OBJC_ISA_USAGE = YES_ERROR;
				CLANG_WARN_DOCUMENTATION_COMMENTS = YES;
				CLANG_WARN_EMPTY_BODY = YES;
				CLANG_WARN_ENUM_CONVERSION = YES;
				CLANG_WARN_INFINITE_RECURSION = YES;
				CLANG_WARN_INT_CONVERSION = YES;
				CLANG_WARN_OBJC_ROOT_CLASS = YES_ERROR;
				CLANG_WARN_SUSPICIOUS_MOVE = YES;
				CLANG_WARN_UNREACHABLE_CODE = YES;
				CLANG_WARN__DUPLICATE_METHOD_MATCH = YES;
				"CODE_SIGN_IDENTITY[sdk=iphoneos*]" = "iPhone Developer";
				COPY_PHASE_STRIP = NO;
				DEBUG_INFORMATION_FORMAT = "dwarf-with-dsym";
				ENABLE_NS_ASSERTIONS = NO;
				ENABLE_STRICT_OBJC_MSGSEND = YES;
				GCC_C_LANGUAGE_STANDARD = gnu99;
				GCC_NO_COMMON_BLOCKS = YES;
				GCC_WARN_64_TO_32_BIT_CONVERSION = YES;
				GCC_WARN_ABOUT_RETURN_TYPE = YES_ERROR;
				GCC_WARN_UNDECLARED_SELECTOR = YES;
				GCC_WARN_UNINITIALIZED_AUTOS = YES_AGGRESSIVE;
				GCC_WARN_UNUSED_FUNCTION = YES;
				GCC_WARN_UNUSED_VARIABLE = YES;
				IPHONEOS_DEPLOYMENT_TARGET = 10.2;
				MTL_ENABLE_DEBUG_INFO = NO;
				SDKROOT = iphoneos;
				SWIFT_OPTIMIZATION_LEVEL = "-Owholemodule";
				VALIDATE_PRODUCT = YES;
			};
			name = Release;
		};
		5E40E37E1E50D67B0012084C /* Debug */ = {
			isa = XCBuildConfiguration;
			baseConfigurationReference = 5EF8F832801AF2A77803A4C6 /* Pods-pokedex.debug.xcconfig */;
			buildSettings = {
				ASSETCATALOG_COMPILER_APPICON_NAME = AppIcon;
				DEVELOPMENT_TEAM = 5TFV5GUHE9;
				INFOPLIST_FILE = pokedex/Info.plist;
				LD_RUNPATH_SEARCH_PATHS = "$(inherited) @executable_path/Frameworks";
				PRODUCT_BUNDLE_IDENTIFIER = com.faincowie.pokedex;
				PRODUCT_NAME = "$(TARGET_NAME)";
				SWIFT_VERSION = 3.0;
			};
			name = Debug;
		};
		5E40E37F1E50D67B0012084C /* Release */ = {
			isa = XCBuildConfiguration;
			baseConfigurationReference = 649F948003CF8F99C7643B47 /* Pods-pokedex.release.xcconfig */;
			buildSettings = {
				ASSETCATALOG_COMPILER_APPICON_NAME = AppIcon;
				DEVELOPMENT_TEAM = 5TFV5GUHE9;
				INFOPLIST_FILE = pokedex/Info.plist;
				LD_RUNPATH_SEARCH_PATHS = "$(inherited) @executable_path/Frameworks";
				PRODUCT_BUNDLE_IDENTIFIER = com.faincowie.pokedex;
				PRODUCT_NAME = "$(TARGET_NAME)";
				SWIFT_VERSION = 3.0;
			};
			name = Release;
		};
/* End XCBuildConfiguration section */

/* Begin XCConfigurationList section */
		5E40E3661E50D67B0012084C /* Build configuration list for PBXProject "pokedex" */ = {
			isa = XCConfigurationList;
			buildConfigurations = (
				5E40E37B1E50D67B0012084C /* Debug */,
				5E40E37C1E50D67B0012084C /* Release */,
			);
			defaultConfigurationIsVisible = 0;
			defaultConfigurationName = Release;
		};
		5E40E37D1E50D67B0012084C /* Build configuration list for PBXNativeTarget "pokedex" */ = {
			isa = XCConfigurationList;
			buildConfigurations = (
				5E40E37E1E50D67B0012084C /* Debug */,
				5E40E37F1E50D67B0012084C /* Release */,
			);
			defaultConfigurationIsVisible = 0;
			defaultConfigurationName = Release;
		};
/* End XCConfigurationList section */
	};
	rootObject = 5E40E3631E50D67B0012084C /* Project object */;
}
